
Microsoft Visual Studio Solution File, Format Version 12.00
# Visual Studio Version 17
VisualStudioVersion = 17.3.32819.101
MinimumVisualStudioVersion = 10.0.40219.1
Project("{9A19103F-16F7-4668-BE54-9A1E7A4F7556}") = "DomainArchitecture", "DomainArchitecture.csproj", "{2A0E1DF8-5ED9-4D7A-AD54-DA7E060D2386}"
EndProject
Global
	GlobalSection(SolutionConfigurationPlatforms) = preSolution
		Debug|Any CPU = Debug|Any CPU
		Release|Any CPU = Release|Any CPU
	EndGlobalSection
	GlobalSection(ProjectConfigurationPlatforms) = postSolution
		{2A0E1DF8-5ED9-4D7A-AD54-DA7E060D2386}.Debug|Any CPU.ActiveCfg = Debug|Any CPU
		{2A0E1DF8-5ED9-4D7A-AD54-DA7E060D2386}.Debug|Any CPU.Build.0 = Debug|Any CPU
		{2A0E1DF8-5ED9-4D7A-AD54-DA7E060D2386}.Release|Any CPU.ActiveCfg = Release|Any CPU
		{2A0E1DF8-5ED9-4D7A-AD54-DA7E060D2386}.Release|Any CPU.Build.0 = Release|Any CPU
	EndGlobalSection
	GlobalSection(SolutionProperties) = preSolution
		HideSolutionNode = FALSE
	EndGlobalSection
	GlobalSection(ExtensibilityGlobals) = postSolution
		SolutionGuid = {D6F0E5B4-5EF7-41E0-A2D6-5A1307BBB156}
	EndGlobalSection
EndGlobal
